
Microsoft Visual Studio Solution File, Format Version 12.00
# Visual Studio Version 17
VisualStudioVersion = 17.14.36518.9 d17.14
MinimumVisualStudioVersion = 10.0.40219.1
Project("{FAE04EC0-301F-11D3-BF4B-00C04F79EFBC}") = "1131501_林昱綸_簡易電子琴", "1131501_林昱綸_簡易電子琴\1131501_林昱綸_簡易電子琴.csproj", "{0DF28764-C5D0-4487-951A-0B636E59C0BA}"
EndProject
Global
	GlobalSection(SolutionConfigurationPlatforms) = preSolution
		Debug|Any CPU = Debug|Any CPU
		Release|Any CPU = Release|Any CPU
	EndGlobalSection
	GlobalSection(ProjectConfigurationPlatforms) = postSolution
		{0DF28764-C5D0-4487-951A-0B636E59C0BA}.Debug|Any CPU.ActiveCfg = Debug|Any CPU
		{0DF28764-C5D0-4487-951A-0B636E59C0BA}.Debug|Any CPU.Build.0 = Debug|Any CPU
		{0DF28764-C5D0-4487-951A-0B636E59C0BA}.Release|Any CPU.ActiveCfg = Release|Any CPU
		{0DF28764-C5D0-4487-951A-0B636E59C0BA}.Release|Any CPU.Build.0 = Release|Any CPU
	EndGlobalSection
	GlobalSection(SolutionProperties) = preSolution
		HideSolutionNode = FALSE
	EndGlobalSection
	GlobalSection(ExtensibilityGlobals) = postSolution
		SolutionGuid = {35D6B2A0-2DBC-4A5A-903B-2B2288CE4149}
	EndGlobalSection
EndGlobal
